// !$*UTF8*$!
{
	archiveVersion = 1;
	classes = {
	};
	objectVersion = 55;
	objects = {

/* Begin PBXBuildFile section */
		C4360E1F2857814A00450C83 /* LoggedOutRouter.swift in Sources */ = {isa = PBXBuildFile; fileRef = C4360E1B2857814A00450C83 /* LoggedOutRouter.swift */; };
		C4360E202857814A00450C83 /* LoggedOutViewController.swift in Sources */ = {isa = PBXBuildFile; fileRef = C4360E1C2857814A00450C83 /* LoggedOutViewController.swift */; };
		C4360E212857814A00450C83 /* LoggedOutBuilder.swift in Sources */ = {isa = PBXBuildFile; fileRef = C4360E1D2857814A00450C83 /* LoggedOutBuilder.swift */; };
		C4360E222857814A00450C83 /* LoggedOutInteractor.swift in Sources */ = {isa = PBXBuildFile; fileRef = C4360E1E2857814A00450C83 /* LoggedOutInteractor.swift */; };
		C490B4402857752A006F8486 /* AppDelegate.swift in Sources */ = {isa = PBXBuildFile; fileRef = C490B43F2857752A006F8486 /* AppDelegate.swift */; };
		C490B4442857752A006F8486 /* ViewController.swift in Sources */ = {isa = PBXBuildFile; fileRef = C490B4432857752A006F8486 /* ViewController.swift */; };
		C490B4472857752A006F8486 /* Main.storyboard in Resources */ = {isa = PBXBuildFile; fileRef = C490B4452857752A006F8486 /* Main.storyboard */; };
		C490B4492857752F006F8486 /* Assets.xcassets in Resources */ = {isa = PBXBuildFile; fileRef = C490B4482857752F006F8486 /* Assets.xcassets */; };
		C490B44C2857752F006F8486 /* LaunchScreen.storyboard in Resources */ = {isa = PBXBuildFile; fileRef = C490B44A2857752F006F8486 /* LaunchScreen.storyboard */; };
		C490B46228577CAD006F8486 /* RootComponent+LoggedOut.swift in Sources */ = {isa = PBXBuildFile; fileRef = C490B45D28577CAD006F8486 /* RootComponent+LoggedOut.swift */; };
		C490B46328577CAD006F8486 /* RootInteractor.swift in Sources */ = {isa = PBXBuildFile; fileRef = C490B45E28577CAD006F8486 /* RootInteractor.swift */; };
		C490B46428577CAD006F8486 /* RootViewController.swift in Sources */ = {isa = PBXBuildFile; fileRef = C490B45F28577CAD006F8486 /* RootViewController.swift */; };
		C490B46528577CAD006F8486 /* RootRouter.swift in Sources */ = {isa = PBXBuildFile; fileRef = C490B46028577CAD006F8486 /* RootRouter.swift */; };
		C490B46628577CAD006F8486 /* RootBuilder.swift in Sources */ = {isa = PBXBuildFile; fileRef = C490B46128577CAD006F8486 /* RootBuilder.swift */; };
		C490B46928577E5E006F8486 /* AppComponent.swift in Sources */ = {isa = PBXBuildFile; fileRef = C490B46828577E5E006F8486 /* AppComponent.swift */; };
		D7854BDAFF68D259DE316445 /* Pods_ribs_tutorial.framework in Frameworks */ = {isa = PBXBuildFile; fileRef = C33E493AE21A032342EA96E4 /* Pods_ribs_tutorial.framework */; };
/* End PBXBuildFile section */

/* Begin PBXFileReference section */
		075640EAD484B9DC13FEFBFF /* Pods-ribs-tutorial.release.xcconfig */ = {isa = PBXFileReference; includeInIndex = 1; lastKnownFileType = text.xcconfig; name = "Pods-ribs-tutorial.release.xcconfig"; path = "Target Support Files/Pods-ribs-tutorial/Pods-ribs-tutorial.release.xcconfig"; sourceTree = "<group>"; };
		959BB2E0404A7A0A8D1C61A7 /* Pods-ribs-tutorial.debug.xcconfig */ = {isa = PBXFileReference; includeInIndex = 1; lastKnownFileType = text.xcconfig; name = "Pods-ribs-tutorial.debug.xcconfig"; path = "Target Support Files/Pods-ribs-tutorial/Pods-ribs-tutorial.debug.xcconfig"; sourceTree = "<group>"; };
		C33E493AE21A032342EA96E4 /* Pods_ribs_tutorial.framework */ = {isa = PBXFileReference; explicitFileType = wrapper.framework; includeInIndex = 0; path = Pods_ribs_tutorial.framework; sourceTree = BUILT_PRODUCTS_DIR; };
		C4360E1B2857814A00450C83 /* LoggedOutRouter.swift */ = {isa = PBXFileReference; lastKnownFileType = sourcecode.swift; path = LoggedOutRouter.swift; sourceTree = "<group>"; };
		C4360E1C2857814A00450C83 /* LoggedOutViewController.swift */ = {isa = PBXFileReference; lastKnownFileType = sourcecode.swift; path = LoggedOutViewController.swift; sourceTree = "<group>"; };
		C4360E1D2857814A00450C83 /* LoggedOutBuilder.swift */ = {isa = PBXFileReference; lastKnownFileType = sourcecode.swift; path = LoggedOutBuilder.swift; sourceTree = "<group>"; };
		C4360E1E2857814A00450C83 /* LoggedOutInteractor.swift */ = {isa = PBXFileReference; lastKnownFileType = sourcecode.swift; path = LoggedOutInteractor.swift; sourceTree = "<group>"; };
		C490B43C2857752A006F8486 /* ribs-tutorial.app */ = {isa = PBXFileReference; explicitFileType = wrapper.application; includeInIndex = 0; path = "ribs-tutorial.app"; sourceTree = BUILT_PRODUCTS_DIR; };
		C490B43F2857752A006F8486 /* AppDelegate.swift */ = {isa = PBXFileReference; lastKnownFileType = sourcecode.swift; path = AppDelegate.swift; sourceTree = "<group>"; };
		C490B4432857752A006F8486 /* ViewController.swift */ = {isa = PBXFileReference; lastKnownFileType = sourcecode.swift; path = ViewController.swift; sourceTree = "<group>"; };
		C490B4462857752A006F8486 /* Base */ = {isa = PBXFileReference; lastKnownFileType = file.storyboard; name = Base; path = Base.lproj/Main.storyboard; sourceTree = "<group>"; };
		C490B4482857752F006F8486 /* Assets.xcassets */ = {isa = PBXFileReference; lastKnownFileType = folder.assetcatalog; path = Assets.xcassets; sourceTree = "<group>"; };
		C490B44B2857752F006F8486 /* Base */ = {isa = PBXFileReference; lastKnownFileType = file.storyboard; name = Base; path = Base.lproj/LaunchScreen.storyboard; sourceTree = "<group>"; };
		C490B44D2857752F006F8486 /* Info.plist */ = {isa = PBXFileReference; lastKnownFileType = text.plist.xml; path = Info.plist; sourceTree = "<group>"; };
		C490B45D28577CAD006F8486 /* RootComponent+LoggedOut.swift */ = {isa = PBXFileReference; fileEncoding = 4; lastKnownFileType = sourcecode.swift; path = "RootComponent+LoggedOut.swift"; sourceTree = "<group>"; };
		C490B45E28577CAD006F8486 /* RootInteractor.swift */ = {isa = PBXFileReference; fileEncoding = 4; lastKnownFileType = sourcecode.swift; path = RootInteractor.swift; sourceTree = "<group>"; };
		C490B45F28577CAD006F8486 /* RootViewController.swift */ = {isa = PBXFileReference; fileEncoding = 4; lastKnownFileType = sourcecode.swift; path = RootViewController.swift; sourceTree = "<group>"; };
		C490B46028577CAD006F8486 /* RootRouter.swift */ = {isa = PBXFileReference; fileEncoding = 4; lastKnownFileType = sourcecode.swift; path = RootRouter.swift; sourceTree = "<group>"; };
		C490B46128577CAD006F8486 /* RootBuilder.swift */ = {isa = PBXFileReference; fileEncoding = 4; lastKnownFileType = sourcecode.swift; path = RootBuilder.swift; sourceTree = "<group>"; };
		C490B46828577E5E006F8486 /* AppComponent.swift */ = {isa = PBXFileReference; fileEncoding = 4; lastKnownFileType = sourcecode.swift; path = AppComponent.swift; sourceTree = "<group>"; };
/* End PBXFileReference section */

/* Begin PBXFrameworksBuildPhase section */
		C490B4392857752A006F8486 /* Frameworks */ = {
			isa = PBXFrameworksBuildPhase;
			buildActionMask = 2147483647;
			files = (
				D7854BDAFF68D259DE316445 /* Pods_ribs_tutorial.framework in Frameworks */,
			);
			runOnlyForDeploymentPostprocessing = 0;
		};
/* End PBXFrameworksBuildPhase section */

/* Begin PBXGroup section */
		07F5D7EE24E81122FA9741D2 /* Frameworks */ = {
			isa = PBXGroup;
			children = (
				C33E493AE21A032342EA96E4 /* Pods_ribs_tutorial.framework */,
			);
			name = Frameworks;
			sourceTree = "<group>";
		};
		3F10990E6B610A7DB3687190 /* Pods */ = {
			isa = PBXGroup;
			children = (
				959BB2E0404A7A0A8D1C61A7 /* Pods-ribs-tutorial.debug.xcconfig */,
				075640EAD484B9DC13FEFBFF /* Pods-ribs-tutorial.release.xcconfig */,
			);
			path = Pods;
			sourceTree = "<group>";
		};
		C490B4332857752A006F8486 = {
			isa = PBXGroup;
			children = (
				C490B43E2857752A006F8486 /* ribs-tutorial */,
				C490B43D2857752A006F8486 /* Products */,
				3F10990E6B610A7DB3687190 /* Pods */,
				07F5D7EE24E81122FA9741D2 /* Frameworks */,
			);
			sourceTree = "<group>";
		};
		C490B43D2857752A006F8486 /* Products */ = {
			isa = PBXGroup;
			children = (
				C490B43C2857752A006F8486 /* ribs-tutorial.app */,
			);
			name = Products;
			sourceTree = "<group>";
		};
		C490B43E2857752A006F8486 /* ribs-tutorial */ = {
			isa = PBXGroup;
			children = (
				C490B46728577E55006F8486 /* AppStart */,
				C490B45C28577CAD006F8486 /* Root */,
				C490B45328577580006F8486 /* LoggedOut */,
				C490B4432857752A006F8486 /* ViewController.swift */,
				C490B4452857752A006F8486 /* Main.storyboard */,
				C490B4482857752F006F8486 /* Assets.xcassets */,
				C490B44A2857752F006F8486 /* LaunchScreen.storyboard */,
				C490B44D2857752F006F8486 /* Info.plist */,
			);
			path = "ribs-tutorial";
			sourceTree = "<group>";
		};
		C490B45328577580006F8486 /* LoggedOut */ = {
			isa = PBXGroup;
			children = (
				C4360E1B2857814A00450C83 /* LoggedOutRouter.swift */,
				C4360E1C2857814A00450C83 /* LoggedOutViewController.swift */,
				C4360E1D2857814A00450C83 /* LoggedOutBuilder.swift */,
				C4360E1E2857814A00450C83 /* LoggedOutInteractor.swift */,
			);
			path = LoggedOut;
			sourceTree = "<group>";
		};
		C490B45C28577CAD006F8486 /* Root */ = {
			isa = PBXGroup;
			children = (
				C490B45D28577CAD006F8486 /* RootComponent+LoggedOut.swift */,
				C490B45E28577CAD006F8486 /* RootInteractor.swift */,
				C490B45F28577CAD006F8486 /* RootViewController.swift */,
				C490B46028577CAD006F8486 /* RootRouter.swift */,
				C490B46128577CAD006F8486 /* RootBuilder.swift */,
			);
			path = Root;
			sourceTree = "<group>";
		};
		C490B46728577E55006F8486 /* AppStart */ = {
			isa = PBXGroup;
			children = (
				C490B46828577E5E006F8486 /* AppComponent.swift */,
				C490B43F2857752A006F8486 /* AppDelegate.swift */,
			);
			path = AppStart;
			sourceTree = "<group>";
		};
/* End PBXGroup section */

/* Begin PBXNativeTarget section */
		C490B43B2857752A006F8486 /* ribs-tutorial */ = {
			isa = PBXNativeTarget;
			buildConfigurationList = C490B4502857752F006F8486 /* Build configuration list for PBXNativeTarget "ribs-tutorial" */;
			buildPhases = (
				F3DD93FFCD2C1D647CF1128A /* [CP] Check Pods Manifest.lock */,
				C490B4382857752A006F8486 /* Sources */,
				C490B4392857752A006F8486 /* Frameworks */,
				C490B43A2857752A006F8486 /* Resources */,
				FBF57DD1B061FB6E1F39D68B /* [CP] Embed Pods Frameworks */,
			);
			buildRules = (
			);
			dependencies = (
			);
			name = "ribs-tutorial";
			productName = "ribs-tutorial";
			productReference = C490B43C2857752A006F8486 /* ribs-tutorial.app */;
			productType = "com.apple.product-type.application";
		};
/* End PBXNativeTarget section */

/* Begin PBXProject section */
		C490B4342857752A006F8486 /* Project object */ = {
			isa = PBXProject;
			attributes = {
				BuildIndependentTargetsInParallel = 1;
				LastSwiftUpdateCheck = 1330;
				LastUpgradeCheck = 1330;
				TargetAttributes = {
					C490B43B2857752A006F8486 = {
						CreatedOnToolsVersion = 13.3.1;
					};
				};
			};
			buildConfigurationList = C490B4372857752A006F8486 /* Build configuration list for PBXProject "ribs-tutorial" */;
			compatibilityVersion = "Xcode 13.0";
			developmentRegion = en;
			hasScannedForEncodings = 0;
			knownRegions = (
				en,
				Base,
			);
			mainGroup = C490B4332857752A006F8486;
			productRefGroup = C490B43D2857752A006F8486 /* Products */;
			projectDirPath = "";
			projectRoot = "";
			targets = (
				C490B43B2857752A006F8486 /* ribs-tutorial */,
			);
		};
/* End PBXProject section */

/* Begin PBXResourcesBuildPhase section */
		C490B43A2857752A006F8486 /* Resources */ = {
			isa = PBXResourcesBuildPhase;
			buildActionMask = 2147483647;
			files = (
				C490B44C2857752F006F8486 /* LaunchScreen.storyboard in Resources */,
				C490B4492857752F006F8486 /* Assets.xcassets in Resources */,
				C490B4472857752A006F8486 /* Main.storyboard in Resources */,
			);
			runOnlyForDeploymentPostprocessing = 0;
		};
/* End PBXResourcesBuildPhase section */

/* Begin PBXShellScriptBuildPhase section */
		F3DD93FFCD2C1D647CF1128A /* [CP] Check Pods Manifest.lock */ = {
			isa = PBXShellScriptBuildPhase;
			buildActionMask = 2147483647;
			files = (
			);
			inputFileListPaths = (
			);
			inputPaths = (
				"${PODS_PODFILE_DIR_PATH}/Podfile.lock",
				"${PODS_ROOT}/Manifest.lock",
			);
			name = "[CP] Check Pods Manifest.lock";
			outputFileListPaths = (
			);
			outputPaths = (
				"$(DERIVED_FILE_DIR)/Pods-ribs-tutorial-checkManifestLockResult.txt",
			);
			runOnlyForDeploymentPostprocessing = 0;
			shellPath = /bin/sh;
			shellScript = "diff \"${PODS_PODFILE_DIR_PATH}/Podfile.lock\" \"${PODS_ROOT}/Manifest.lock\" > /dev/null\nif [ $? != 0 ] ; then\n    # print error to STDERR\n    echo \"error: The sandbox is not in sync with the Podfile.lock. Run 'pod install' or update your CocoaPods installation.\" >&2\n    exit 1\nfi\n# This output is used by Xcode 'outputs' to avoid re-running this script phase.\necho \"SUCCESS\" > \"${SCRIPT_OUTPUT_FILE_0}\"\n";
			showEnvVarsInLog = 0;
		};
		FBF57DD1B061FB6E1F39D68B /* [CP] Embed Pods Frameworks */ = {
			isa = PBXShellScriptBuildPhase;
			buildActionMask = 2147483647;
			files = (
			);
			inputFileListPaths = (
				"${PODS_ROOT}/Target Support Files/Pods-ribs-tutorial/Pods-ribs-tutorial-frameworks-${CONFIGURATION}-input-files.xcfilelist",
			);
			name = "[CP] Embed Pods Frameworks";
			outputFileListPaths = (
				"${PODS_ROOT}/Target Support Files/Pods-ribs-tutorial/Pods-ribs-tutorial-frameworks-${CONFIGURATION}-output-files.xcfilelist",
			);
			runOnlyForDeploymentPostprocessing = 0;
			shellPath = /bin/sh;
			shellScript = "\"${PODS_ROOT}/Target Support Files/Pods-ribs-tutorial/Pods-ribs-tutorial-frameworks.sh\"\n";
			showEnvVarsInLog = 0;
		};
/* End PBXShellScriptBuildPhase section */

/* Begin PBXSourcesBuildPhase section */
		C490B4382857752A006F8486 /* Sources */ = {
			isa = PBXSourcesBuildPhase;
			buildActionMask = 2147483647;
			files = (
				C490B46228577CAD006F8486 /* RootComponent+LoggedOut.swift in Sources */,
				C4360E212857814A00450C83 /* LoggedOutBuilder.swift in Sources */,
				C490B46928577E5E006F8486 /* AppComponent.swift in Sources */,
				C490B4442857752A006F8486 /* ViewController.swift in Sources */,
				C490B46428577CAD006F8486 /* RootViewController.swift in Sources */,
				C4360E222857814A00450C83 /* LoggedOutInteractor.swift in Sources */,
				C4360E1F2857814A00450C83 /* LoggedOutRouter.swift in Sources */,
				C490B4402857752A006F8486 /* AppDelegate.swift in Sources */,
				C490B46528577CAD006F8486 /* RootRouter.swift in Sources */,
				C490B46328577CAD006F8486 /* RootInteractor.swift in Sources */,
				C490B46628577CAD006F8486 /* RootBuilder.swift in Sources */,
				C4360E202857814A00450C83 /* LoggedOutViewController.swift in Sources */,
			);
			runOnlyForDeploymentPostprocessing = 0;
		};
/* End PBXSourcesBuildPhase section */

/* Begin PBXVariantGroup section */
		C490B4452857752A006F8486 /* Main.storyboard */ = {
			isa = PBXVariantGroup;
			children = (
				C490B4462857752A006F8486 /* Base */,
			);
			name = Main.storyboard;
			sourceTree = "<group>";
		};
		C490B44A2857752F006F8486 /* LaunchScreen.storyboard */ = {
			isa = PBXVariantGroup;
			children = (
				C490B44B2857752F006F8486 /* Base */,
			);
			name = LaunchScreen.storyboard;
			sourceTree = "<group>";
		};
/* End PBXVariantGroup section */

/* Begin XCBuildConfiguration section */
		C490B44E2857752F006F8486 /* Debug */ = {
			isa = XCBuildConfiguration;
			buildSettings = {
				ALWAYS_SEARCH_USER_PATHS = NO;
				CLANG_ANALYZER_NONNULL = YES;
				CLANG_ANALYZER_NUMBER_OBJECT_CONVERSION = YES_AGGRESSIVE;
				CLANG_CXX_LANGUAGE_STANDARD = "gnu++17";
				CLANG_ENABLE_MODULES = YES;
				CLANG_ENABLE_OBJC_ARC = YES;
				CLANG_ENABLE_OBJC_WEAK = YES;
				CLANG_WARN_BLOCK_CAPTURE_AUTORELEASING = YES;
				CLANG_WARN_BOOL_CONVERSION = YES;
				CLANG_WARN_COMMA = YES;
				CLANG_WARN_CONSTANT_CONVERSION = YES;
				CLANG_WARN_DEPRECATED_OBJC_IMPLEMENTATIONS = YES;
				CLANG_WARN_DIRECT_OBJC_ISA_USAGE = YES_ERROR;
				CLANG_WARN_DOCUMENTATION_COMMENTS = YES;
				CLANG_WARN_EMPTY_BODY = YES;
				CLANG_WARN_ENUM_CONVERSION = YES;
				CLANG_WARN_INFINITE_RECURSION = YES;
				CLANG_WARN_INT_CONVERSION = YES;
				CLANG_WARN_NON_LITERAL_NULL_CONVERSION = YES;
				CLANG_WARN_OBJC_IMPLICIT_RETAIN_SELF = YES;
				CLANG_WARN_OBJC_LITERAL_CONVERSION = YES;
				CLANG_WARN_OBJC_ROOT_CLASS = YES_ERROR;
				CLANG_WARN_QUOTED_INCLUDE_IN_FRAMEWORK_HEADER = YES;
				CLANG_WARN_RANGE_LOOP_ANALYSIS = YES;
				CLANG_WARN_STRICT_PROTOTYPES = YES;
				CLANG_WARN_SUSPICIOUS_MOVE = YES;
				CLANG_WARN_UNGUARDED_AVAILABILITY = YES_AGGRESSIVE;
				CLANG_WARN_UNREACHABLE_CODE = YES;
				CLANG_WARN__DUPLICATE_METHOD_MATCH = YES;
				COPY_PHASE_STRIP = NO;
				DEBUG_INFORMATION_FORMAT = dwarf;
				ENABLE_STRICT_OBJC_MSGSEND = YES;
				ENABLE_TESTABILITY = YES;
				GCC_C_LANGUAGE_STANDARD = gnu11;
				GCC_DYNAMIC_NO_PIC = NO;
				GCC_NO_COMMON_BLOCKS = YES;
				GCC_OPTIMIZATION_LEVEL = 0;
				GCC_PREPROCESSOR_DEFINITIONS = (
					"DEBUG=1",
					"$(inherited)",
				);
				GCC_WARN_64_TO_32_BIT_CONVERSION = YES;
				GCC_WARN_ABOUT_RETURN_TYPE = YES_ERROR;
				GCC_WARN_UNDECLARED_SELECTOR = YES;
				GCC_WARN_UNINITIALIZED_AUTOS = YES_AGGRESSIVE;
				GCC_WARN_UNUSED_FUNCTION = YES;
				GCC_WARN_UNUSED_VARIABLE = YES;
				IPHONEOS_DEPLOYMENT_TARGET = 15.4;
				MTL_ENABLE_DEBUG_INFO = INCLUDE_SOURCE;
				MTL_FAST_MATH = YES;
				ONLY_ACTIVE_ARCH = YES;
				SDKROOT = iphoneos;
				SWIFT_ACTIVE_COMPILATION_CONDITIONS = DEBUG;
				SWIFT_OPTIMIZATION_LEVEL = "-Onone";
			};
			name = Debug;
		};
		C490B44F2857752F006F8486 /* Release */ = {
			isa = XCBuildConfiguration;
			buildSettings = {
				ALWAYS_SEARCH_USER_PATHS = NO;
				CLANG_ANALYZER_NONNULL = YES;
				CLANG_ANALYZER_NUMBER_OBJECT_CONVERSION = YES_AGGRESSIVE;
				CLANG_CXX_LANGUAGE_STANDARD = "gnu++17";
				CLANG_ENABLE_MODULES = YES;
				CLANG_ENABLE_OBJC_ARC = YES;
				CLANG_ENABLE_OBJC_WEAK = YES;
				CLANG_WARN_BLOCK_CAPTURE_AUTORELEASING = YES;
				CLANG_WARN_BOOL_CONVERSION = YES;
				CLANG_WARN_COMMA = YES;
				CLANG_WARN_CONSTANT_CONVERSION = YES;
				CLANG_WARN_DEPRECATED_OBJC_IMPLEMENTATIONS = YES;
				CLANG_WARN_DIRECT_OBJC_ISA_USAGE = YES_ERROR;
				CLANG_WARN_DOCUMENTATION_COMMENTS = YES;
				CLANG_WARN_EMPTY_BODY = YES;
				CLANG_WARN_ENUM_CONVERSION = YES;
				CLANG_WARN_INFINITE_RECURSION = YES;
				CLANG_WARN_INT_CONVERSION = YES;
				CLANG_WARN_NON_LITERAL_NULL_CONVERSION = YES;
				CLANG_WARN_OBJC_IMPLICIT_RETAIN_SELF = YES;
				CLANG_WARN_OBJC_LITERAL_CONVERSION = YES;
				CLANG_WARN_OBJC_ROOT_CLASS = YES_ERROR;
				CLANG_WARN_QUOTED_INCLUDE_IN_FRAMEWORK_HEADER = YES;
				CLANG_WARN_RANGE_LOOP_ANALYSIS = YES;
				CLANG_WARN_STRICT_PROTOTYPES = YES;
				CLANG_WARN_SUSPICIOUS_MOVE = YES;
				CLANG_WARN_UNGUARDED_AVAILABILITY = YES_AGGRESSIVE;
				CLANG_WARN_UNREACHABLE_CODE = YES;
				CLANG_WARN__DUPLICATE_METHOD_MATCH = YES;
				COPY_PHASE_STRIP = NO;
				DEBUG_INFORMATION_FORMAT = "dwarf-with-dsym";
				ENABLE_NS_ASSERTIONS = NO;
				ENABLE_STRICT_OBJC_MSGSEND = YES;
				GCC_C_LANGUAGE_STANDARD = gnu11;
				GCC_NO_COMMON_BLOCKS = YES;
				GCC_WARN_64_TO_32_BIT_CONVERSION = YES;
				GCC_WARN_ABOUT_RETURN_TYPE = YES_ERROR;
				GCC_WARN_UNDECLARED_SELECTOR = YES;
				GCC_WARN_UNINITIALIZED_AUTOS = YES_AGGRESSIVE;
				GCC_WARN_UNUSED_FUNCTION = YES;
				GCC_WARN_UNUSED_VARIABLE = YES;
				IPHONEOS_DEPLOYMENT_TARGET = 15.4;
				MTL_ENABLE_DEBUG_INFO = NO;
				MTL_FAST_MATH = YES;
				SDKROOT = iphoneos;
				SWIFT_COMPILATION_MODE = wholemodule;
				SWIFT_OPTIMIZATION_LEVEL = "-O";
				VALIDATE_PRODUCT = YES;
			};
			name = Release;
		};
		C490B4512857752F006F8486 /* Debug */ = {
			isa = XCBuildConfiguration;
			baseConfigurationReference = 959BB2E0404A7A0A8D1C61A7 /* Pods-ribs-tutorial.debug.xcconfig */;
			buildSettings = {
				ASSETCATALOG_COMPILER_APPICON_NAME = AppIcon;
				ASSETCATALOG_COMPILER_GLOBAL_ACCENT_COLOR_NAME = AccentColor;
				CODE_SIGN_STYLE = Automatic;
				CURRENT_PROJECT_VERSION = 1;
				GENERATE_INFOPLIST_FILE = YES;
				INFOPLIST_FILE = "ribs-tutorial/Info.plist";
				INFOPLIST_KEY_UIApplicationSupportsIndirectInputEvents = YES;
				INFOPLIST_KEY_UILaunchStoryboardName = LaunchScreen;
				INFOPLIST_KEY_UIMainStoryboardFile = Main;
				INFOPLIST_KEY_UISupportedInterfaceOrientations_iPad = "UIInterfaceOrientationPortrait UIInterfaceOrientationPortraitUpsideDown UIInterfaceOrientationLandscapeLeft UIInterfaceOrientationLandscapeRight";
				INFOPLIST_KEY_UISupportedInterfaceOrientations_iPhone = "UIInterfaceOrientationPortrait UIInterfaceOrientationLandscapeLeft UIInterfaceOrientationLandscapeRight";
				LD_RUNPATH_SEARCH_PATHS = (
					"$(inherited)",
					"@executable_path/Frameworks",
				);
				MARKETING_VERSION = 1.0;
				PRODUCT_BUNDLE_IDENTIFIER = "com.summer.ribs-tutorial";
				PRODUCT_NAME = "$(TARGET_NAME)";
				SWIFT_EMIT_LOC_STRINGS = YES;
				SWIFT_VERSION = 5.0;
				TARGETED_DEVICE_FAMILY = "1,2";
			};
			name = Debug;
		};
		C490B4522857752F006F8486 /* Release */ = {
			isa = XCBuildConfiguration;
			baseConfigurationReference = 075640EAD484B9DC13FEFBFF /* Pods-ribs-tutorial.release.xcconfig */;
			buildSettings = {
				ASSETCATALOG_COMPILER_APPICON_NAME = AppIcon;
				ASSETCATALOG_COMPILER_GLOBAL_ACCENT_COLOR_NAME = AccentColor;
				CODE_SIGN_STYLE = Automatic;
				CURRENT_PROJECT_VERSION = 1;
				GENERATE_INFOPLIST_FILE = YES;
				INFOPLIST_FILE = "ribs-tutorial/Info.plist";
				INFOPLIST_KEY_UIApplicationSupportsIndirectInputEvents = YES;
				INFOPLIST_KEY_UILaunchStoryboardName = LaunchScreen;
				INFOPLIST_KEY_UIMainStoryboardFile = Main;
				INFOPLIST_KEY_UISupportedInterfaceOrientations_iPad = "UIInterfaceOrientationPortrait UIInterfaceOrientationPortraitUpsideDown UIInterfaceOrientationLandscapeLeft UIInterfaceOrientationLandscapeRight";
				INFOPLIST_KEY_UISupportedInterfaceOrientations_iPhone = "UIInterfaceOrientationPortrait UIInterfaceOrientationLandscapeLeft UIInterfaceOrientationLandscapeRight";
				LD_RUNPATH_SEARCH_PATHS = (
					"$(inherited)",
					"@executable_path/Frameworks",
				);
				MARKETING_VERSION = 1.0;
				PRODUCT_BUNDLE_IDENTIFIER = "com.summer.ribs-tutorial";
				PRODUCT_NAME = "$(TARGET_NAME)";
				SWIFT_EMIT_LOC_STRINGS = YES;
				SWIFT_VERSION = 5.0;
				TARGETED_DEVICE_FAMILY = "1,2";
			};
			name = Release;
		};
/* End XCBuildConfiguration section */

/* Begin XCConfigurationList section */
		C490B4372857752A006F8486 /* Build configuration list for PBXProject "ribs-tutorial" */ = {
			isa = XCConfigurationList;
			buildConfigurations = (
				C490B44E2857752F006F8486 /* Debug */,
				C490B44F2857752F006F8486 /* Release */,
			);
			defaultConfigurationIsVisible = 0;
			defaultConfigurationName = Release;
		};
		C490B4502857752F006F8486 /* Build configuration list for PBXNativeTarget "ribs-tutorial" */ = {
			isa = XCConfigurationList;
			buildConfigurations = (
				C490B4512857752F006F8486 /* Debug */,
				C490B4522857752F006F8486 /* Release */,
			);
			defaultConfigurationIsVisible = 0;
			defaultConfigurationName = Release;
		};
/* End XCConfigurationList section */
	};
	rootObject = C490B4342857752A006F8486 /* Project object */;
}
